
Microsoft Visual Studio Solution File, Format Version 12.00
# Visual Studio 15
VisualStudioVersion = 15.0.27130.2010
MinimumVisualStudioVersion = 10.0.40219.1
Project("{FAE04EC0-301F-11D3-BF4B-00C04F79EFBC}") = "StartWithoutDebugging", "StartWithoutDebugging\StartWithoutDebugging.csproj", "{477E0C7F-46D6-447F-BD19-906FC09AB659}"
EndProject
Global
	GlobalSection(SolutionConfigurationPlatforms) = preSolution
		Debug|Any CPU = Debug|Any CPU
		Release|Any CPU = Release|Any CPU
	EndGlobalSection
	GlobalSection(ProjectConfigurationPlatforms) = postSolution
		{477E0C7F-46D6-447F-BD19-906FC09AB659}.Debug|Any CPU.ActiveCfg = Debug|Any CPU
		{477E0C7F-46D6-447F-BD19-906FC09AB659}.Debug|Any CPU.Build.0 = Debug|Any CPU
		{477E0C7F-46D6-447F-BD19-906FC09AB659}.Release|Any CPU.ActiveCfg = Release|Any CPU
		{477E0C7F-46D6-447F-BD19-906FC09AB659}.Release|Any CPU.Build.0 = Release|Any CPU
	EndGlobalSection
	GlobalSection(SolutionProperties) = preSolution
		HideSolutionNode = FALSE
	EndGlobalSection
	GlobalSection(ExtensibilityGlobals) = postSolution
		SolutionGuid = {7B742308-F623-448B-98EA-6BBFE329D7E7}
	EndGlobalSection
EndGlobal
